// !$*UTF8*$!
{
	archiveVersion = 1;
	classes = {
	};
	objectVersion = 55;
	objects = {

/* Begin PBXBuildFile section */
		3EC22F123F05FCB60E9A7305 /* Pods_test0717.framework in Frameworks */ = {isa = PBXBuildFile; fileRef = 5858B21DD810CEBFBA301B2B /* Pods_test0717.framework */; };
		7A6514F32C48BD48004640CC /* RealmModel.swift in Sources */ = {isa = PBXBuildFile; fileRef = 7A6514F22C48BD48004640CC /* RealmModel.swift */; };
		7A766D8A2C47968300348913 /* AppDelegate.swift in Sources */ = {isa = PBXBuildFile; fileRef = 7A766D892C47968300348913 /* AppDelegate.swift */; };
		7A766D8C2C47968300348913 /* SceneDelegate.swift in Sources */ = {isa = PBXBuildFile; fileRef = 7A766D8B2C47968300348913 /* SceneDelegate.swift */; };
		7A766D932C47968600348913 /* Assets.xcassets in Resources */ = {isa = PBXBuildFile; fileRef = 7A766D922C47968600348913 /* Assets.xcassets */; };
		7A766D962C47968600348913 /* LaunchScreen.storyboard in Resources */ = {isa = PBXBuildFile; fileRef = 7A766D942C47968600348913 /* LaunchScreen.storyboard */; };
		7A766DA12C47968700348913 /* test0717Tests.swift in Sources */ = {isa = PBXBuildFile; fileRef = 7A766DA02C47968700348913 /* test0717Tests.swift */; };
		7A766DAB2C47968700348913 /* test0717UITests.swift in Sources */ = {isa = PBXBuildFile; fileRef = 7A766DAA2C47968700348913 /* test0717UITests.swift */; };
		7A766DAD2C47968700348913 /* test0717UITestsLaunchTests.swift in Sources */ = {isa = PBXBuildFile; fileRef = 7A766DAC2C47968700348913 /* test0717UITestsLaunchTests.swift */; };
		7A766DBB2C47972C00348913 /* MainViewController.swift in Sources */ = {isa = PBXBuildFile; fileRef = 7A766DB92C47972C00348913 /* MainViewController.swift */; };
		7A766DBC2C47972C00348913 /* MainViewController.xib in Resources */ = {isa = PBXBuildFile; fileRef = 7A766DBA2C47972C00348913 /* MainViewController.xib */; };
		7AF6DA3E2C47A9090063AA22 /* MainTableViewCell.swift in Sources */ = {isa = PBXBuildFile; fileRef = 7AF6DA3C2C47A9090063AA22 /* MainTableViewCell.swift */; };
		7AF6DA3F2C47A9090063AA22 /* MainTableViewCell.xib in Resources */ = {isa = PBXBuildFile; fileRef = 7AF6DA3D2C47A9090063AA22 /* MainTableViewCell.xib */; };
		92007CFD3862C2E13C38F161 /* Pods_test0717Tests.framework in Frameworks */ = {isa = PBXBuildFile; fileRef = 9721A02A13F5CAFC6906E413 /* Pods_test0717Tests.framework */; };
		F04A216DFA7EACE9211352EE /* Pods_test0717_test0717UITests.framework in Frameworks */ = {isa = PBXBuildFile; fileRef = 41944E235666BFCC9BC45F48 /* Pods_test0717_test0717UITests.framework */; };
/* End PBXBuildFile section */

/* Begin PBXContainerItemProxy section */
		7A766D9D2C47968700348913 /* PBXContainerItemProxy */ = {
			isa = PBXContainerItemProxy;
			containerPortal = 7A766D7E2C47968300348913 /* Project object */;
			proxyType = 1;
			remoteGlobalIDString = 7A766D852C47968300348913;
			remoteInfo = test0717;
		};
		7A766DA72C47968700348913 /* PBXContainerItemProxy */ = {
			isa = PBXContainerItemProxy;
			containerPortal = 7A766D7E2C47968300348913 /* Project object */;
			proxyType = 1;
			remoteGlobalIDString = 7A766D852C47968300348913;
			remoteInfo = test0717;
		};
/* End PBXContainerItemProxy section */

/* Begin PBXFileReference section */
		2D651BA1851EB9261BEF355A /* Pods-test0717.debug.xcconfig */ = {isa = PBXFileReference; includeInIndex = 1; lastKnownFileType = text.xcconfig; name = "Pods-test0717.debug.xcconfig"; path = "Target Support Files/Pods-test0717/Pods-test0717.debug.xcconfig"; sourceTree = "<group>"; };
		36B858124A438E4B859EDE3A /* Pods-test0717Tests.debug.xcconfig */ = {isa = PBXFileReference; includeInIndex = 1; lastKnownFileType = text.xcconfig; name = "Pods-test0717Tests.debug.xcconfig"; path = "Target Support Files/Pods-test0717Tests/Pods-test0717Tests.debug.xcconfig"; sourceTree = "<group>"; };
		41944E235666BFCC9BC45F48 /* Pods_test0717_test0717UITests.framework */ = {isa = PBXFileReference; explicitFileType = wrapper.framework; includeInIndex = 0; path = Pods_test0717_test0717UITests.framework; sourceTree = BUILT_PRODUCTS_DIR; };
		4A96E5F12EF212F6F472C3FD /* Pods-test0717-test0717UITests.debug.xcconfig */ = {isa = PBXFileReference; includeInIndex = 1; lastKnownFileType = text.xcconfig; name = "Pods-test0717-test0717UITests.debug.xcconfig"; path = "Target Support Files/Pods-test0717-test0717UITests/Pods-test0717-test0717UITests.debug.xcconfig"; sourceTree = "<group>"; };
		5858B21DD810CEBFBA301B2B /* Pods_test0717.framework */ = {isa = PBXFileReference; explicitFileType = wrapper.framework; includeInIndex = 0; path = Pods_test0717.framework; sourceTree = BUILT_PRODUCTS_DIR; };
		633DF27BEF1BFCA511A371FE /* Pods-test0717-test0717UITests.release.xcconfig */ = {isa = PBXFileReference; includeInIndex = 1; lastKnownFileType = text.xcconfig; name = "Pods-test0717-test0717UITests.release.xcconfig"; path = "Target Support Files/Pods-test0717-test0717UITests/Pods-test0717-test0717UITests.release.xcconfig"; sourceTree = "<group>"; };
		6B381DB36310D6C008AE2287 /* Pods-test0717Tests.release.xcconfig */ = {isa = PBXFileReference; includeInIndex = 1; lastKnownFileType = text.xcconfig; name = "Pods-test0717Tests.release.xcconfig"; path = "Target Support Files/Pods-test0717Tests/Pods-test0717Tests.release.xcconfig"; sourceTree = "<group>"; };
		6F458B818F056E7D18C9A6C8 /* Pods-test0717.release.xcconfig */ = {isa = PBXFileReference; includeInIndex = 1; lastKnownFileType = text.xcconfig; name = "Pods-test0717.release.xcconfig"; path = "Target Support Files/Pods-test0717/Pods-test0717.release.xcconfig"; sourceTree = "<group>"; };
		7A6514F22C48BD48004640CC /* RealmModel.swift */ = {isa = PBXFileReference; lastKnownFileType = sourcecode.swift; path = RealmModel.swift; sourceTree = "<group>"; };
		7A766D862C47968300348913 /* test0717.app */ = {isa = PBXFileReference; explicitFileType = wrapper.application; includeInIndex = 0; path = test0717.app; sourceTree = BUILT_PRODUCTS_DIR; };
		7A766D892C47968300348913 /* AppDelegate.swift */ = {isa = PBXFileReference; lastKnownFileType = sourcecode.swift; path = AppDelegate.swift; sourceTree = "<group>"; };
		7A766D8B2C47968300348913 /* SceneDelegate.swift */ = {isa = PBXFileReference; lastKnownFileType = sourcecode.swift; path = SceneDelegate.swift; sourceTree = "<group>"; };
		7A766D922C47968600348913 /* Assets.xcassets */ = {isa = PBXFileReference; lastKnownFileType = folder.assetcatalog; path = Assets.xcassets; sourceTree = "<group>"; };
		7A766D952C47968600348913 /* Base */ = {isa = PBXFileReference; lastKnownFileType = file.storyboard; name = Base; path = Base.lproj/LaunchScreen.storyboard; sourceTree = "<group>"; };
		7A766D972C47968600348913 /* Info.plist */ = {isa = PBXFileReference; lastKnownFileType = text.plist.xml; path = Info.plist; sourceTree = "<group>"; };
		7A766D9C2C47968700348913 /* test0717Tests.xctest */ = {isa = PBXFileReference; explicitFileType = wrapper.cfbundle; includeInIndex = 0; path = test0717Tests.xctest; sourceTree = BUILT_PRODUCTS_DIR; };
		7A766DA02C47968700348913 /* test0717Tests.swift */ = {isa = PBXFileReference; lastKnownFileType = sourcecode.swift; path = test0717Tests.swift; sourceTree = "<group>"; };
		7A766DA62C47968700348913 /* test0717UITests.xctest */ = {isa = PBXFileReference; explicitFileType = wrapper.cfbundle; includeInIndex = 0; path = test0717UITests.xctest; sourceTree = BUILT_PRODUCTS_DIR; };
		7A766DAA2C47968700348913 /* test0717UITests.swift */ = {isa = PBXFileReference; lastKnownFileType = sourcecode.swift; path = test0717UITests.swift; sourceTree = "<group>"; };
		7A766DAC2C47968700348913 /* test0717UITestsLaunchTests.swift */ = {isa = PBXFileReference; lastKnownFileType = sourcecode.swift; path = test0717UITestsLaunchTests.swift; sourceTree = "<group>"; };
		7A766DB92C47972C00348913 /* MainViewController.swift */ = {isa = PBXFileReference; lastKnownFileType = sourcecode.swift; path = MainViewController.swift; sourceTree = "<group>"; };
		7A766DBA2C47972C00348913 /* MainViewController.xib */ = {isa = PBXFileReference; lastKnownFileType = file.xib; path = MainViewController.xib; sourceTree = "<group>"; };
		7AF6DA3C2C47A9090063AA22 /* MainTableViewCell.swift */ = {isa = PBXFileReference; lastKnownFileType = sourcecode.swift; path = MainTableViewCell.swift; sourceTree = "<group>"; };
		7AF6DA3D2C47A9090063AA22 /* MainTableViewCell.xib */ = {isa = PBXFileReference; lastKnownFileType = file.xib; path = MainTableViewCell.xib; sourceTree = "<group>"; };
		9721A02A13F5CAFC6906E413 /* Pods_test0717Tests.framework */ = {isa = PBXFileReference; explicitFileType = wrapper.framework; includeInIndex = 0; path = Pods_test0717Tests.framework; sourceTree = BUILT_PRODUCTS_DIR; };
/* End PBXFileReference section */

/* Begin PBXFrameworksBuildPhase section */
		7A766D832C47968300348913 /* Frameworks */ = {
			isa = PBXFrameworksBuildPhase;
			buildActionMask = 2147483647;
			files = (
				3EC22F123F05FCB60E9A7305 /* Pods_test0717.framework in Frameworks */,
			);
			runOnlyForDeploymentPostprocessing = 0;
		};
		7A766D992C47968600348913 /* Frameworks */ = {
			isa = PBXFrameworksBuildPhase;
			buildActionMask = 2147483647;
			files = (
				92007CFD3862C2E13C38F161 /* Pods_test0717Tests.framework in Frameworks */,
			);
			runOnlyForDeploymentPostprocessing = 0;
		};
		7A766DA32C47968700348913 /* Frameworks */ = {
			isa = PBXFrameworksBuildPhase;
			buildActionMask = 2147483647;
			files = (
				F04A216DFA7EACE9211352EE /* Pods_test0717_test0717UITests.framework in Frameworks */,
			);
			runOnlyForDeploymentPostprocessing = 0;
		};
/* End PBXFrameworksBuildPhase section */

/* Begin PBXGroup section */
		57CCB43436AB975A9F98FC22 /* Frameworks */ = {
			isa = PBXGroup;
			children = (
				5858B21DD810CEBFBA301B2B /* Pods_test0717.framework */,
				41944E235666BFCC9BC45F48 /* Pods_test0717_test0717UITests.framework */,
				9721A02A13F5CAFC6906E413 /* Pods_test0717Tests.framework */,
			);
			name = Frameworks;
			sourceTree = "<group>";
		};
		7A766D7D2C47968300348913 = {
			isa = PBXGroup;
			children = (
				7A766D882C47968300348913 /* test0717 */,
				7A766D9F2C47968700348913 /* test0717Tests */,
				7A766DA92C47968700348913 /* test0717UITests */,
				7A766D872C47968300348913 /* Products */,
				BB5B00C2AAB291187ED80AB6 /* Pods */,
				57CCB43436AB975A9F98FC22 /* Frameworks */,
			);
			sourceTree = "<group>";
		};
		7A766D872C47968300348913 /* Products */ = {
			isa = PBXGroup;
			children = (
				7A766D862C47968300348913 /* test0717.app */,
				7A766D9C2C47968700348913 /* test0717Tests.xctest */,
				7A766DA62C47968700348913 /* test0717UITests.xctest */,
			);
			name = Products;
			sourceTree = "<group>";
		};
		7A766D882C47968300348913 /* test0717 */ = {
			isa = PBXGroup;
			children = (
				7AF6DA402C47ACDA0063AA22 /* Controller */,
				7AF6DA432C47AD0B0063AA22 /* Model */,
				7AF6DA422C47AD040063AA22 /* View */,
				7A766D892C47968300348913 /* AppDelegate.swift */,
				7A766D8B2C47968300348913 /* SceneDelegate.swift */,
				7A766D922C47968600348913 /* Assets.xcassets */,
				7A766D942C47968600348913 /* LaunchScreen.storyboard */,
				7A766D972C47968600348913 /* Info.plist */,
			);
			path = test0717;
			sourceTree = "<group>";
		};
		7A766D9F2C47968700348913 /* test0717Tests */ = {
			isa = PBXGroup;
			children = (
				7A766DA02C47968700348913 /* test0717Tests.swift */,
			);
			path = test0717Tests;
			sourceTree = "<group>";
		};
		7A766DA92C47968700348913 /* test0717UITests */ = {
			isa = PBXGroup;
			children = (
				7A766DAA2C47968700348913 /* test0717UITests.swift */,
				7A766DAC2C47968700348913 /* test0717UITestsLaunchTests.swift */,
			);
			path = test0717UITests;
			sourceTree = "<group>";
		};
		7AF6DA402C47ACDA0063AA22 /* Controller */ = {
			isa = PBXGroup;
			children = (
				7AF6DA412C47ACF10063AA22 /* MainView */,
			);
			path = Controller;
			sourceTree = "<group>";
		};
		7AF6DA412C47ACF10063AA22 /* MainView */ = {
			isa = PBXGroup;
			children = (
				7AF6DA442C47AD310063AA22 /* Components */,
				7A766DB92C47972C00348913 /* MainViewController.swift */,
				7A766DBA2C47972C00348913 /* MainViewController.xib */,
			);
			path = MainView;
			sourceTree = "<group>";
		};
		7AF6DA422C47AD040063AA22 /* View */ = {
			isa = PBXGroup;
			children = (
			);
			path = View;
			sourceTree = "<group>";
		};
		7AF6DA432C47AD0B0063AA22 /* Model */ = {
			isa = PBXGroup;
			children = (
				7A6514F22C48BD48004640CC /* RealmModel.swift */,
			);
			path = Model;
			sourceTree = "<group>";
		};
		7AF6DA442C47AD310063AA22 /* Components */ = {
			isa = PBXGroup;
			children = (
				7AF6DA3C2C47A9090063AA22 /* MainTableViewCell.swift */,
				7AF6DA3D2C47A9090063AA22 /* MainTableViewCell.xib */,
			);
			path = Components;
			sourceTree = "<group>";
		};
		BB5B00C2AAB291187ED80AB6 /* Pods */ = {
			isa = PBXGroup;
			children = (
				2D651BA1851EB9261BEF355A /* Pods-test0717.debug.xcconfig */,
				6F458B818F056E7D18C9A6C8 /* Pods-test0717.release.xcconfig */,
				4A96E5F12EF212F6F472C3FD /* Pods-test0717-test0717UITests.debug.xcconfig */,
				633DF27BEF1BFCA511A371FE /* Pods-test0717-test0717UITests.release.xcconfig */,
				36B858124A438E4B859EDE3A /* Pods-test0717Tests.debug.xcconfig */,
				6B381DB36310D6C008AE2287 /* Pods-test0717Tests.release.xcconfig */,
			);
			path = Pods;
			sourceTree = "<group>";
		};
/* End PBXGroup section */

/* Begin PBXNativeTarget section */
		7A766D852C47968300348913 /* test0717 */ = {
			isa = PBXNativeTarget;
			buildConfigurationList = 7A766DB02C47968700348913 /* Build configuration list for PBXNativeTarget "test0717" */;
			buildPhases = (
				904723656BA986FE1A475C02 /* [CP] Check Pods Manifest.lock */,
				7A766D822C47968300348913 /* Sources */,
				7A766D832C47968300348913 /* Frameworks */,
				7A766D842C47968300348913 /* Resources */,
				6EB3C68AE43AA4C5110B81DB /* [CP] Embed Pods Frameworks */,
			);
			buildRules = (
			);
			dependencies = (
			);
			name = test0717;
			productName = test0717;
			productReference = 7A766D862C47968300348913 /* test0717.app */;
			productType = "com.apple.product-type.application";
		};
		7A766D9B2C47968600348913 /* test0717Tests */ = {
			isa = PBXNativeTarget;
			buildConfigurationList = 7A766DB32C47968700348913 /* Build configuration list for PBXNativeTarget "test0717Tests" */;
			buildPhases = (
				A1AEC0363EEE25DE7EEBE402 /* [CP] Check Pods Manifest.lock */,
				7A766D982C47968600348913 /* Sources */,
				7A766D992C47968600348913 /* Frameworks */,
				7A766D9A2C47968600348913 /* Resources */,
			);
			buildRules = (
			);
			dependencies = (
				7A766D9E2C47968700348913 /* PBXTargetDependency */,
			);
			name = test0717Tests;
			productName = test0717Tests;
			productReference = 7A766D9C2C47968700348913 /* test0717Tests.xctest */;
			productType = "com.apple.product-type.bundle.unit-test";
		};
		7A766DA52C47968700348913 /* test0717UITests */ = {
			isa = PBXNativeTarget;
			buildConfigurationList = 7A766DB62C47968700348913 /* Build configuration list for PBXNativeTarget "test0717UITests" */;
			buildPhases = (
				C6A451F3C942CAD0DB6708E4 /* [CP] Check Pods Manifest.lock */,
				7A766DA22C47968700348913 /* Sources */,
				7A766DA32C47968700348913 /* Frameworks */,
				7A766DA42C47968700348913 /* Resources */,
				2DEDB0799B58AEB672C23F75 /* [CP] Embed Pods Frameworks */,
			);
			buildRules = (
			);
			dependencies = (
				7A766DA82C47968700348913 /* PBXTargetDependency */,
			);
			name = test0717UITests;
			productName = test0717UITests;
			productReference = 7A766DA62C47968700348913 /* test0717UITests.xctest */;
			productType = "com.apple.product-type.bundle.ui-testing";
		};
/* End PBXNativeTarget section */

/* Begin PBXProject section */
		7A766D7E2C47968300348913 /* Project object */ = {
			isa = PBXProject;
			attributes = {
				BuildIndependentTargetsInParallel = 1;
				LastSwiftUpdateCheck = 1320;
				LastUpgradeCheck = 1320;
				TargetAttributes = {
					7A766D852C47968300348913 = {
						CreatedOnToolsVersion = 13.2.1;
					};
					7A766D9B2C47968600348913 = {
						CreatedOnToolsVersion = 13.2.1;
						TestTargetID = 7A766D852C47968300348913;
					};
					7A766DA52C47968700348913 = {
						CreatedOnToolsVersion = 13.2.1;
						TestTargetID = 7A766D852C47968300348913;
					};
				};
			};
			buildConfigurationList = 7A766D812C47968300348913 /* Build configuration list for PBXProject "test0717" */;
			compatibilityVersion = "Xcode 13.0";
			developmentRegion = en;
			hasScannedForEncodings = 0;
			knownRegions = (
				en,
				Base,
			);
			mainGroup = 7A766D7D2C47968300348913;
			productRefGroup = 7A766D872C47968300348913 /* Products */;
			projectDirPath = "";
			projectRoot = "";
			targets = (
				7A766D852C47968300348913 /* test0717 */,
				7A766D9B2C47968600348913 /* test0717Tests */,
				7A766DA52C47968700348913 /* test0717UITests */,
			);
		};
/* End PBXProject section */

/* Begin PBXResourcesBuildPhase section */
		7A766D842C47968300348913 /* Resources */ = {
			isa = PBXResourcesBuildPhase;
			buildActionMask = 2147483647;
			files = (
				7A766D962C47968600348913 /* LaunchScreen.storyboard in Resources */,
				7A766DBC2C47972C00348913 /* MainViewController.xib in Resources */,
				7AF6DA3F2C47A9090063AA22 /* MainTableViewCell.xib in Resources */,
				7A766D932C47968600348913 /* Assets.xcassets in Resources */,
			);
			runOnlyForDeploymentPostprocessing = 0;
		};
		7A766D9A2C47968600348913 /* Resources */ = {
			isa = PBXResourcesBuildPhase;
			buildActionMask = 2147483647;
			files = (
			);
			runOnlyForDeploymentPostprocessing = 0;
		};
		7A766DA42C47968700348913 /* Resources */ = {
			isa = PBXResourcesBuildPhase;
			buildActionMask = 2147483647;
			files = (
			);
			runOnlyForDeploymentPostprocessing = 0;
		};
/* End PBXResourcesBuildPhase section */

/* Begin PBXShellScriptBuildPhase section */
		2DEDB0799B58AEB672C23F75 /* [CP] Embed Pods Frameworks */ = {
			isa = PBXShellScriptBuildPhase;
			buildActionMask = 2147483647;
			files = (
			);
			inputFileListPaths = (
				"${PODS_ROOT}/Target Support Files/Pods-test0717-test0717UITests/Pods-test0717-test0717UITests-frameworks-${CONFIGURATION}-input-files.xcfilelist",
			);
			name = "[CP] Embed Pods Frameworks";
			outputFileListPaths = (
				"${PODS_ROOT}/Target Support Files/Pods-test0717-test0717UITests/Pods-test0717-test0717UITests-frameworks-${CONFIGURATION}-output-files.xcfilelist",
			);
			runOnlyForDeploymentPostprocessing = 0;
			shellPath = /bin/sh;
			shellScript = "\"${PODS_ROOT}/Target Support Files/Pods-test0717-test0717UITests/Pods-test0717-test0717UITests-frameworks.sh\"\n";
			showEnvVarsInLog = 0;
		};
		6EB3C68AE43AA4C5110B81DB /* [CP] Embed Pods Frameworks */ = {
			isa = PBXShellScriptBuildPhase;
			buildActionMask = 2147483647;
			files = (
			);
			inputFileListPaths = (
				"${PODS_ROOT}/Target Support Files/Pods-test0717/Pods-test0717-frameworks-${CONFIGURATION}-input-files.xcfilelist",
			);
			name = "[CP] Embed Pods Frameworks";
			outputFileListPaths = (
				"${PODS_ROOT}/Target Support Files/Pods-test0717/Pods-test0717-frameworks-${CONFIGURATION}-output-files.xcfilelist",
			);
			runOnlyForDeploymentPostprocessing = 0;
			shellPath = /bin/sh;
			shellScript = "\"${PODS_ROOT}/Target Support Files/Pods-test0717/Pods-test0717-frameworks.sh\"\n";
			showEnvVarsInLog = 0;
		};
		904723656BA986FE1A475C02 /* [CP] Check Pods Manifest.lock */ = {
			isa = PBXShellScriptBuildPhase;
			buildActionMask = 2147483647;
			files = (
			);
			inputFileListPaths = (
			);
			inputPaths = (
				"${PODS_PODFILE_DIR_PATH}/Podfile.lock",
				"${PODS_ROOT}/Manifest.lock",
			);
			name = "[CP] Check Pods Manifest.lock";
			outputFileListPaths = (
			);
			outputPaths = (
				"$(DERIVED_FILE_DIR)/Pods-test0717-checkManifestLockResult.txt",
			);
			runOnlyForDeploymentPostprocessing = 0;
			shellPath = /bin/sh;
			shellScript = "diff \"${PODS_PODFILE_DIR_PATH}/Podfile.lock\" \"${PODS_ROOT}/Manifest.lock\" > /dev/null\nif [ $? != 0 ] ; then\n    # print error to STDERR\n    echo \"error: The sandbox is not in sync with the Podfile.lock. Run 'pod install' or update your CocoaPods installation.\" >&2\n    exit 1\nfi\n# This output is used by Xcode 'outputs' to avoid re-running this script phase.\necho \"SUCCESS\" > \"${SCRIPT_OUTPUT_FILE_0}\"\n";
			showEnvVarsInLog = 0;
		};
		A1AEC0363EEE25DE7EEBE402 /* [CP] Check Pods Manifest.lock */ = {
			isa = PBXShellScriptBuildPhase;
			buildActionMask = 2147483647;
			files = (
			);
			inputFileListPaths = (
			);
			inputPaths = (
				"${PODS_PODFILE_DIR_PATH}/Podfile.lock",
				"${PODS_ROOT}/Manifest.lock",
			);
			name = "[CP] Check Pods Manifest.lock";
			outputFileListPaths = (
			);
			outputPaths = (
				"$(DERIVED_FILE_DIR)/Pods-test0717Tests-checkManifestLockResult.txt",
			);
			runOnlyForDeploymentPostprocessing = 0;
			shellPath = /bin/sh;
			shellScript = "diff \"${PODS_PODFILE_DIR_PATH}/Podfile.lock\" \"${PODS_ROOT}/Manifest.lock\" > /dev/null\nif [ $? != 0 ] ; then\n    # print error to STDERR\n    echo \"error: The sandbox is not in sync with the Podfile.lock. Run 'pod install' or update your CocoaPods installation.\" >&2\n    exit 1\nfi\n# This output is used by Xcode 'outputs' to avoid re-running this script phase.\necho \"SUCCESS\" > \"${SCRIPT_OUTPUT_FILE_0}\"\n";
			showEnvVarsInLog = 0;
		};
		C6A451F3C942CAD0DB6708E4 /* [CP] Check Pods Manifest.lock */ = {
			isa = PBXShellScriptBuildPhase;
			buildActionMask = 2147483647;
			files = (
			);
			inputFileListPaths = (
			);
			inputPaths = (
				"${PODS_PODFILE_DIR_PATH}/Podfile.lock",
				"${PODS_ROOT}/Manifest.lock",
			);
			name = "[CP] Check Pods Manifest.lock";
			outputFileListPaths = (
			);
			outputPaths = (
				"$(DERIVED_FILE_DIR)/Pods-test0717-test0717UITests-checkManifestLockResult.txt",
			);
			runOnlyForDeploymentPostprocessing = 0;
			shellPath = /bin/sh;
			shellScript = "diff \"${PODS_PODFILE_DIR_PATH}/Podfile.lock\" \"${PODS_ROOT}/Manifest.lock\" > /dev/null\nif [ $? != 0 ] ; then\n    # print error to STDERR\n    echo \"error: The sandbox is not in sync with the Podfile.lock. Run 'pod install' or update your CocoaPods installation.\" >&2\n    exit 1\nfi\n# This output is used by Xcode 'outputs' to avoid re-running this script phase.\necho \"SUCCESS\" > \"${SCRIPT_OUTPUT_FILE_0}\"\n";
			showEnvVarsInLog = 0;
		};
/* End PBXShellScriptBuildPhase section */

/* Begin PBXSourcesBuildPhase section */
		7A766D822C47968300348913 /* Sources */ = {
			isa = PBXSourcesBuildPhase;
			buildActionMask = 2147483647;
			files = (
				7A766DBB2C47972C00348913 /* MainViewController.swift in Sources */,
				7A766D8A2C47968300348913 /* AppDelegate.swift in Sources */,
				7AF6DA3E2C47A9090063AA22 /* MainTableViewCell.swift in Sources */,
				7A6514F32C48BD48004640CC /* RealmModel.swift in Sources */,
				7A766D8C2C47968300348913 /* SceneDelegate.swift in Sources */,
			);
			runOnlyForDeploymentPostprocessing = 0;
		};
		7A766D982C47968600348913 /* Sources */ = {
			isa = PBXSourcesBuildPhase;
			buildActionMask = 2147483647;
			files = (
				7A766DA12C47968700348913 /* test0717Tests.swift in Sources */,
			);
			runOnlyForDeploymentPostprocessing = 0;
		};
		7A766DA22C47968700348913 /* Sources */ = {
			isa = PBXSourcesBuildPhase;
			buildActionMask = 2147483647;
			files = (
				7A766DAD2C47968700348913 /* test0717UITestsLaunchTests.swift in Sources */,
				7A766DAB2C47968700348913 /* test0717UITests.swift in Sources */,
			);
			runOnlyForDeploymentPostprocessing = 0;
		};
/* End PBXSourcesBuildPhase section */

/* Begin PBXTargetDependency section */
		7A766D9E2C47968700348913 /* PBXTargetDependency */ = {
			isa = PBXTargetDependency;
			target = 7A766D852C47968300348913 /* test0717 */;
			targetProxy = 7A766D9D2C47968700348913 /* PBXContainerItemProxy */;
		};
		7A766DA82C47968700348913 /* PBXTargetDependency */ = {
			isa = PBXTargetDependency;
			target = 7A766D852C47968300348913 /* test0717 */;
			targetProxy = 7A766DA72C47968700348913 /* PBXContainerItemProxy */;
		};
/* End PBXTargetDependency section */

/* Begin PBXVariantGroup section */
		7A766D942C47968600348913 /* LaunchScreen.storyboard */ = {
			isa = PBXVariantGroup;
			children = (
				7A766D952C47968600348913 /* Base */,
			);
			name = LaunchScreen.storyboard;
			sourceTree = "<group>";
		};
/* End PBXVariantGroup section */

/* Begin XCBuildConfiguration section */
		7A766DAE2C47968700348913 /* Debug */ = {
			isa = XCBuildConfiguration;
			buildSettings = {
				ALWAYS_SEARCH_USER_PATHS = NO;
				CLANG_ANALYZER_NONNULL = YES;
				CLANG_ANALYZER_NUMBER_OBJECT_CONVERSION = YES_AGGRESSIVE;
				CLANG_CXX_LANGUAGE_STANDARD = "gnu++17";
				CLANG_CXX_LIBRARY = "libc++";
				CLANG_ENABLE_MODULES = YES;
				CLANG_ENABLE_OBJC_ARC = YES;
				CLANG_ENABLE_OBJC_WEAK = YES;
				CLANG_WARN_BLOCK_CAPTURE_AUTORELEASING = YES;
				CLANG_WARN_BOOL_CONVERSION = YES;
				CLANG_WARN_COMMA = YES;
				CLANG_WARN_CONSTANT_CONVERSION = YES;
				CLANG_WARN_DEPRECATED_OBJC_IMPLEMENTATIONS = YES;
				CLANG_WARN_DIRECT_OBJC_ISA_USAGE = YES_ERROR;
				CLANG_WARN_DOCUMENTATION_COMMENTS = YES;
				CLANG_WARN_EMPTY_BODY = YES;
				CLANG_WARN_ENUM_CONVERSION = YES;
				CLANG_WARN_INFINITE_RECURSION = YES;
				CLANG_WARN_INT_CONVERSION = YES;
				CLANG_WARN_NON_LITERAL_NULL_CONVERSION = YES;
				CLANG_WARN_OBJC_IMPLICIT_RETAIN_SELF = YES;
				CLANG_WARN_OBJC_LITERAL_CONVERSION = YES;
				CLANG_WARN_OBJC_ROOT_CLASS = YES_ERROR;
				CLANG_WARN_QUOTED_INCLUDE_IN_FRAMEWORK_HEADER = YES;
				CLANG_WARN_RANGE_LOOP_ANALYSIS = YES;
				CLANG_WARN_STRICT_PROTOTYPES = YES;
				CLANG_WARN_SUSPICIOUS_MOVE = YES;
				CLANG_WARN_UNGUARDED_AVAILABILITY = YES_AGGRESSIVE;
				CLANG_WARN_UNREACHABLE_CODE = YES;
				CLANG_WARN__DUPLICATE_METHOD_MATCH = YES;
				COPY_PHASE_STRIP = NO;
				DEBUG_INFORMATION_FORMAT = dwarf;
				ENABLE_STRICT_OBJC_MSGSEND = YES;
				ENABLE_TESTABILITY = YES;
				GCC_C_LANGUAGE_STANDARD = gnu11;
				GCC_DYNAMIC_NO_PIC = NO;
				GCC_NO_COMMON_BLOCKS = YES;
				GCC_OPTIMIZATION_LEVEL = 0;
				GCC_PREPROCESSOR_DEFINITIONS = (
					"DEBUG=1",
					"$(inherited)",
				);
				GCC_WARN_64_TO_32_BIT_CONVERSION = YES;
				GCC_WARN_ABOUT_RETURN_TYPE = YES_ERROR;
				GCC_WARN_UNDECLARED_SELECTOR = YES;
				GCC_WARN_UNINITIALIZED_AUTOS = YES_AGGRESSIVE;
				GCC_WARN_UNUSED_FUNCTION = YES;
				GCC_WARN_UNUSED_VARIABLE = YES;
				IPHONEOS_DEPLOYMENT_TARGET = 15.2;
				MTL_ENABLE_DEBUG_INFO = INCLUDE_SOURCE;
				MTL_FAST_MATH = YES;
				ONLY_ACTIVE_ARCH = YES;
				SDKROOT = iphoneos;
				SWIFT_ACTIVE_COMPILATION_CONDITIONS = DEBUG;
				SWIFT_OPTIMIZATION_LEVEL = "-Onone";
			};
			name = Debug;
		};
		7A766DAF2C47968700348913 /* Release */ = {
			isa = XCBuildConfiguration;
			buildSettings = {
				ALWAYS_SEARCH_USER_PATHS = NO;
				CLANG_ANALYZER_NONNULL = YES;
				CLANG_ANALYZER_NUMBER_OBJECT_CONVERSION = YES_AGGRESSIVE;
				CLANG_CXX_LANGUAGE_STANDARD = "gnu++17";
				CLANG_CXX_LIBRARY = "libc++";
				CLANG_ENABLE_MODULES = YES;
				CLANG_ENABLE_OBJC_ARC = YES;
				CLANG_ENABLE_OBJC_WEAK = YES;
				CLANG_WARN_BLOCK_CAPTURE_AUTORELEASING = YES;
				CLANG_WARN_BOOL_CONVERSION = YES;
				CLANG_WARN_COMMA = YES;
				CLANG_WARN_CONSTANT_CONVERSION = YES;
				CLANG_WARN_DEPRECATED_OBJC_IMPLEMENTATIONS = YES;
				CLANG_WARN_DIRECT_OBJC_ISA_USAGE = YES_ERROR;
				CLANG_WARN_DOCUMENTATION_COMMENTS = YES;
				CLANG_WARN_EMPTY_BODY = YES;
				CLANG_WARN_ENUM_CONVERSION = YES;
				CLANG_WARN_INFINITE_RECURSION = YES;
				CLANG_WARN_INT_CONVERSION = YES;
				CLANG_WARN_NON_LITERAL_NULL_CONVERSION = YES;
				CLANG_WARN_OBJC_IMPLICIT_RETAIN_SELF = YES;
				CLANG_WARN_OBJC_LITERAL_CONVERSION = YES;
				CLANG_WARN_OBJC_ROOT_CLASS = YES_ERROR;
				CLANG_WARN_QUOTED_INCLUDE_IN_FRAMEWORK_HEADER = YES;
				CLANG_WARN_RANGE_LOOP_ANALYSIS = YES;
				CLANG_WARN_STRICT_PROTOTYPES = YES;
				CLANG_WARN_SUSPICIOUS_MOVE = YES;
				CLANG_WARN_UNGUARDED_AVAILABILITY = YES_AGGRESSIVE;
				CLANG_WARN_UNREACHABLE_CODE = YES;
				CLANG_WARN__DUPLICATE_METHOD_MATCH = YES;
				COPY_PHASE_STRIP = NO;
				DEBUG_INFORMATION_FORMAT = "dwarf-with-dsym";
				ENABLE_NS_ASSERTIONS = NO;
				ENABLE_STRICT_OBJC_MSGSEND = YES;
				GCC_C_LANGUAGE_STANDARD = gnu11;
				GCC_NO_COMMON_BLOCKS = YES;
				GCC_WARN_64_TO_32_BIT_CONVERSION = YES;
				GCC_WARN_ABOUT_RETURN_TYPE = YES_ERROR;
				GCC_WARN_UNDECLARED_SELECTOR = YES;
				GCC_WARN_UNINITIALIZED_AUTOS = YES_AGGRESSIVE;
				GCC_WARN_UNUSED_FUNCTION = YES;
				GCC_WARN_UNUSED_VARIABLE = YES;
				IPHONEOS_DEPLOYMENT_TARGET = 15.2;
				MTL_ENABLE_DEBUG_INFO = NO;
				MTL_FAST_MATH = YES;
				SDKROOT = iphoneos;
				SWIFT_COMPILATION_MODE = wholemodule;
				SWIFT_OPTIMIZATION_LEVEL = "-O";
				VALIDATE_PRODUCT = YES;
			};
			name = Release;
		};
		7A766DB12C47968700348913 /* Debug */ = {
			isa = XCBuildConfiguration;
			baseConfigurationReference = 2D651BA1851EB9261BEF355A /* Pods-test0717.debug.xcconfig */;
			buildSettings = {
				ASSETCATALOG_COMPILER_APPICON_NAME = AppIcon;
				ASSETCATALOG_COMPILER_GLOBAL_ACCENT_COLOR_NAME = AccentColor;
				CODE_SIGN_STYLE = Automatic;
				CURRENT_PROJECT_VERSION = 1;
				GENERATE_INFOPLIST_FILE = YES;
				INFOPLIST_FILE = test0717/Info.plist;
				INFOPLIST_KEY_UIApplicationSupportsIndirectInputEvents = YES;
				INFOPLIST_KEY_UILaunchStoryboardName = LaunchScreen;
				INFOPLIST_KEY_UISupportedInterfaceOrientations_iPad = "UIInterfaceOrientationPortrait UIInterfaceOrientationPortraitUpsideDown UIInterfaceOrientationLandscapeLeft UIInterfaceOrientationLandscapeRight";
				INFOPLIST_KEY_UISupportedInterfaceOrientations_iPhone = "UIInterfaceOrientationPortrait UIInterfaceOrientationLandscapeLeft UIInterfaceOrientationLandscapeRight";
				LD_RUNPATH_SEARCH_PATHS = (
					"$(inherited)",
					"@executable_path/Frameworks",
				);
				MARKETING_VERSION = 1.0;
				PRODUCT_BUNDLE_IDENTIFIER = com.Yulin.test0717;
				PRODUCT_NAME = "$(TARGET_NAME)";
				SWIFT_EMIT_LOC_STRINGS = YES;
				SWIFT_VERSION = 5.0;
				TARGETED_DEVICE_FAMILY = "1,2";
			};
			name = Debug;
		};
		7A766DB22C47968700348913 /* Release */ = {
			isa = XCBuildConfiguration;
			baseConfigurationReference = 6F458B818F056E7D18C9A6C8 /* Pods-test0717.release.xcconfig */;
			buildSettings = {
				ASSETCATALOG_COMPILER_APPICON_NAME = AppIcon;
				ASSETCATALOG_COMPILER_GLOBAL_ACCENT_COLOR_NAME = AccentColor;
				CODE_SIGN_STYLE = Automatic;
				CURRENT_PROJECT_VERSION = 1;
				GENERATE_INFOPLIST_FILE = YES;
				INFOPLIST_FILE = test0717/Info.plist;
				INFOPLIST_KEY_UIApplicationSupportsIndirectInputEvents = YES;
				INFOPLIST_KEY_UILaunchStoryboardName = LaunchScreen;
				INFOPLIST_KEY_UISupportedInterfaceOrientations_iPad = "UIInterfaceOrientationPortrait UIInterfaceOrientationPortraitUpsideDown UIInterfaceOrientationLandscapeLeft UIInterfaceOrientationLandscapeRight";
				INFOPLIST_KEY_UISupportedInterfaceOrientations_iPhone = "UIInterfaceOrientationPortrait UIInterfaceOrientationLandscapeLeft UIInterfaceOrientationLandscapeRight";
				LD_RUNPATH_SEARCH_PATHS = (
					"$(inherited)",
					"@executable_path/Frameworks",
				);
				MARKETING_VERSION = 1.0;
				PRODUCT_BUNDLE_IDENTIFIER = com.Yulin.test0717;
				PRODUCT_NAME = "$(TARGET_NAME)";
				SWIFT_EMIT_LOC_STRINGS = YES;
				SWIFT_VERSION = 5.0;
				TARGETED_DEVICE_FAMILY = "1,2";
			};
			name = Release;
		};
		7A766DB42C47968700348913 /* Debug */ = {
			isa = XCBuildConfiguration;
			baseConfigurationReference = 36B858124A438E4B859EDE3A /* Pods-test0717Tests.debug.xcconfig */;
			buildSettings = {
				ALWAYS_EMBED_SWIFT_STANDARD_LIBRARIES = YES;
				BUNDLE_LOADER = "$(TEST_HOST)";
				CODE_SIGN_STYLE = Automatic;
				CURRENT_PROJECT_VERSION = 1;
				GENERATE_INFOPLIST_FILE = YES;
				IPHONEOS_DEPLOYMENT_TARGET = 15.2;
				MARKETING_VERSION = 1.0;
				PRODUCT_BUNDLE_IDENTIFIER = com.Yulin.test0717Tests;
				PRODUCT_NAME = "$(TARGET_NAME)";
				SWIFT_EMIT_LOC_STRINGS = NO;
				SWIFT_VERSION = 5.0;
				TARGETED_DEVICE_FAMILY = "1,2";
				TEST_HOST = "$(BUILT_PRODUCTS_DIR)/test0717.app/test0717";
			};
			name = Debug;
		};
		7A766DB52C47968700348913 /* Release */ = {
			isa = XCBuildConfiguration;
			baseConfigurationReference = 6B381DB36310D6C008AE2287 /* Pods-test0717Tests.release.xcconfig */;
			buildSettings = {
				ALWAYS_EMBED_SWIFT_STANDARD_LIBRARIES = YES;
				BUNDLE_LOADER = "$(TEST_HOST)";
				CODE_SIGN_STYLE = Automatic;
				CURRENT_PROJECT_VERSION = 1;
				GENERATE_INFOPLIST_FILE = YES;
				IPHONEOS_DEPLOYMENT_TARGET = 15.2;
				MARKETING_VERSION = 1.0;
				PRODUCT_BUNDLE_IDENTIFIER = com.Yulin.test0717Tests;
				PRODUCT_NAME = "$(TARGET_NAME)";
				SWIFT_EMIT_LOC_STRINGS = NO;
				SWIFT_VERSION = 5.0;
				TARGETED_DEVICE_FAMILY = "1,2";
				TEST_HOST = "$(BUILT_PRODUCTS_DIR)/test0717.app/test0717";
			};
			name = Release;
		};
		7A766DB72C47968700348913 /* Debug */ = {
			isa = XCBuildConfiguration;
			baseConfigurationReference = 4A96E5F12EF212F6F472C3FD /* Pods-test0717-test0717UITests.debug.xcconfig */;
			buildSettings = {
				ALWAYS_EMBED_SWIFT_STANDARD_LIBRARIES = YES;
				CODE_SIGN_STYLE = Automatic;
				CURRENT_PROJECT_VERSION = 1;
				GENERATE_INFOPLIST_FILE = YES;
				MARKETING_VERSION = 1.0;
				PRODUCT_BUNDLE_IDENTIFIER = com.Yulin.test0717UITests;
				PRODUCT_NAME = "$(TARGET_NAME)";
				SWIFT_EMIT_LOC_STRINGS = NO;
				SWIFT_VERSION = 5.0;
				TARGETED_DEVICE_FAMILY = "1,2";
				TEST_TARGET_NAME = test0717;
			};
			name = Debug;
		};
		7A766DB82C47968700348913 /* Release */ = {
			isa = XCBuildConfiguration;
			baseConfigurationReference = 633DF27BEF1BFCA511A371FE /* Pods-test0717-test0717UITests.release.xcconfig */;
			buildSettings = {
				ALWAYS_EMBED_SWIFT_STANDARD_LIBRARIES = YES;
				CODE_SIGN_STYLE = Automatic;
				CURRENT_PROJECT_VERSION = 1;
				GENERATE_INFOPLIST_FILE = YES;
				MARKETING_VERSION = 1.0;
				PRODUCT_BUNDLE_IDENTIFIER = com.Yulin.test0717UITests;
				PRODUCT_NAME = "$(TARGET_NAME)";
				SWIFT_EMIT_LOC_STRINGS = NO;
				SWIFT_VERSION = 5.0;
				TARGETED_DEVICE_FAMILY = "1,2";
				TEST_TARGET_NAME = test0717;
			};
			name = Release;
		};
/* End XCBuildConfiguration section */

/* Begin XCConfigurationList section */
		7A766D812C47968300348913 /* Build configuration list for PBXProject "test0717" */ = {
			isa = XCConfigurationList;
			buildConfigurations = (
				7A766DAE2C47968700348913 /* Debug */,
				7A766DAF2C47968700348913 /* Release */,
			);
			defaultConfigurationIsVisible = 0;
			defaultConfigurationName = Release;
		};
		7A766DB02C47968700348913 /* Build configuration list for PBXNativeTarget "test0717" */ = {
			isa = XCConfigurationList;
			buildConfigurations = (
				7A766DB12C47968700348913 /* Debug */,
				7A766DB22C47968700348913 /* Release */,
			);
			defaultConfigurationIsVisible = 0;
			defaultConfigurationName = Release;
		};
		7A766DB32C47968700348913 /* Build configuration list for PBXNativeTarget "test0717Tests" */ = {
			isa = XCConfigurationList;
			buildConfigurations = (
				7A766DB42C47968700348913 /* Debug */,
				7A766DB52C47968700348913 /* Release */,
			);
			defaultConfigurationIsVisible = 0;
			defaultConfigurationName = Release;
		};
		7A766DB62C47968700348913 /* Build configuration list for PBXNativeTarget "test0717UITests" */ = {
			isa = XCConfigurationList;
			buildConfigurations = (
				7A766DB72C47968700348913 /* Debug */,
				7A766DB82C47968700348913 /* Release */,
			);
			defaultConfigurationIsVisible = 0;
			defaultConfigurationName = Release;
		};
/* End XCConfigurationList section */
	};
	rootObject = 7A766D7E2C47968300348913 /* Project object */;
}
